// !$*UTF8*$!
{
	archiveVersion = 1;
	classes = {
	};
	objectVersion = 56;
	objects = {

/* Begin PBXBuildFile section */
		AA18E03F2C4A4C5D005F30F3 /* EtherpunkMoneyRegisterv13App.swift in Sources */ = {isa = PBXBuildFile; fileRef = AA18E03E2C4A4C5D005F30F3 /* EtherpunkMoneyRegisterv13App.swift */; };
		AA18E0412C4A4C5D005F30F3 /* ContentView.swift in Sources */ = {isa = PBXBuildFile; fileRef = AA18E0402C4A4C5D005F30F3 /* ContentView.swift */; };
		AA18E0432C4A4C5E005F30F3 /* Assets.xcassets in Resources */ = {isa = PBXBuildFile; fileRef = AA18E0422C4A4C5E005F30F3 /* Assets.xcassets */; };
		AA18E0472C4A4C5E005F30F3 /* Preview Assets.xcassets in Resources */ = {isa = PBXBuildFile; fileRef = AA18E0462C4A4C5E005F30F3 /* Preview Assets.xcassets */; };
		AA18E06A2C4A516F005F30F3 /* AppSettingsTwo.swift in Sources */ = {isa = PBXBuildFile; fileRef = AA18E0692C4A516F005F30F3 /* AppSettingsTwo.swift */; };
		AA799D932C6A777C00B73E39 /* AccountListView.swift in Sources */ = {isa = PBXBuildFile; fileRef = AA799D922C6A777C00B73E39 /* AccountListView.swift */; };
		AA799D952C6B18F100B73E39 /* RecurringTransactionTag.swift in Sources */ = {isa = PBXBuildFile; fileRef = AA799D942C6B18F100B73E39 /* RecurringTransactionTag.swift */; };
		AAF22D062C64D0B9003EE8EB /* AppContainerState.swift in Sources */ = {isa = PBXBuildFile; fileRef = AAF22CF02C64D0B9003EE8EB /* AppContainerState.swift */; };
		AAF22D072C64D0B9003EE8EB /* Currency.swift in Sources */ = {isa = PBXBuildFile; fileRef = AAF22CF22C64D0B9003EE8EB /* Currency.swift */; };
		AAF22D082C64D0B9003EE8EB /* CurrencyCode.swift in Sources */ = {isa = PBXBuildFile; fileRef = AAF22CF32C64D0B9003EE8EB /* CurrencyCode.swift */; };
		AAF22D092C64D0B9003EE8EB /* DayOfWeekEnum.swift in Sources */ = {isa = PBXBuildFile; fileRef = AAF22CF52C64D0B9003EE8EB /* DayOfWeekEnum.swift */; };
		AAF22D0A2C64D0B9003EE8EB /* FileType.swift in Sources */ = {isa = PBXBuildFile; fileRef = AAF22CF62C64D0B9003EE8EB /* FileType.swift */; };
		AAF22D0B2C64D0B9003EE8EB /* NavViewEnum.swift in Sources */ = {isa = PBXBuildFile; fileRef = AAF22CF72C64D0B9003EE8EB /* NavViewEnum.swift */; };
		AAF22D0C2C64D0B9003EE8EB /* RecurringFrequencyEnum.swift in Sources */ = {isa = PBXBuildFile; fileRef = AAF22CF82C64D0B9003EE8EB /* RecurringFrequencyEnum.swift */; };
		AAF22D0D2C64D0B9003EE8EB /* Tab.swift in Sources */ = {isa = PBXBuildFile; fileRef = AAF22CF92C64D0B9003EE8EB /* Tab.swift */; };
		AAF22D0E2C64D0B9003EE8EB /* TransactionStatusEnum.swift in Sources */ = {isa = PBXBuildFile; fileRef = AAF22CFA2C64D0B9003EE8EB /* TransactionStatusEnum.swift */; };
		AAF22D0F2C64D0B9003EE8EB /* TransactionTypeEnum.swift in Sources */ = {isa = PBXBuildFile; fileRef = AAF22CFB2C64D0B9003EE8EB /* TransactionTypeEnum.swift */; };
		AAF22D102C64D0B9003EE8EB /* Account.swift in Sources */ = {isa = PBXBuildFile; fileRef = AAF22CFD2C64D0B9003EE8EB /* Account.swift */; };
		AAF22D112C64D0B9003EE8EB /* AccountTransaction.swift in Sources */ = {isa = PBXBuildFile; fileRef = AAF22CFE2C64D0B9003EE8EB /* AccountTransaction.swift */; };
		AAF22D132C64D0B9003EE8EB /* Previewer.swift in Sources */ = {isa = PBXBuildFile; fileRef = AAF22D002C64D0B9003EE8EB /* Previewer.swift */; };
		AAF22D142C64D0B9003EE8EB /* RecurringTransaction.swift in Sources */ = {isa = PBXBuildFile; fileRef = AAF22D012C64D0B9003EE8EB /* RecurringTransaction.swift */; };
		AAF22D152C64D0B9003EE8EB /* RecurringTransactionGroup.swift in Sources */ = {isa = PBXBuildFile; fileRef = AAF22D022C64D0B9003EE8EB /* RecurringTransactionGroup.swift */; };
		AAF22D162C64D0B9003EE8EB /* TransactionFile.swift in Sources */ = {isa = PBXBuildFile; fileRef = AAF22D032C64D0B9003EE8EB /* TransactionFile.swift */; };
		AAF22D172C64D0B9003EE8EB /* TransactionTag.swift in Sources */ = {isa = PBXBuildFile; fileRef = AAF22D042C64D0B9003EE8EB /* TransactionTag.swift */; };
		AAF22D1A2C66A524003EE8EB /* DbController.swift in Sources */ = {isa = PBXBuildFile; fileRef = AAF22D192C66A524003EE8EB /* DbController.swift */; };
/* End PBXBuildFile section */

/* Begin PBXFileReference section */
		AA18E03B2C4A4C5D005F30F3 /* EtherpunkMoneyRegisterv13.app */ = {isa = PBXFileReference; explicitFileType = wrapper.application; includeInIndex = 0; path = EtherpunkMoneyRegisterv13.app; sourceTree = BUILT_PRODUCTS_DIR; };
		AA18E03E2C4A4C5D005F30F3 /* EtherpunkMoneyRegisterv13App.swift */ = {isa = PBXFileReference; lastKnownFileType = sourcecode.swift; path = EtherpunkMoneyRegisterv13App.swift; sourceTree = "<group>"; };
		AA18E0402C4A4C5D005F30F3 /* ContentView.swift */ = {isa = PBXFileReference; lastKnownFileType = sourcecode.swift; path = ContentView.swift; sourceTree = "<group>"; };
		AA18E0422C4A4C5E005F30F3 /* Assets.xcassets */ = {isa = PBXFileReference; lastKnownFileType = folder.assetcatalog; path = Assets.xcassets; sourceTree = "<group>"; };
		AA18E0442C4A4C5E005F30F3 /* EtherpunkMoneyRegisterv13.entitlements */ = {isa = PBXFileReference; lastKnownFileType = text.plist.entitlements; path = EtherpunkMoneyRegisterv13.entitlements; sourceTree = "<group>"; };
		AA18E0462C4A4C5E005F30F3 /* Preview Assets.xcassets */ = {isa = PBXFileReference; lastKnownFileType = folder.assetcatalog; path = "Preview Assets.xcassets"; sourceTree = "<group>"; };
		AA18E0692C4A516F005F30F3 /* AppSettingsTwo.swift */ = {isa = PBXFileReference; lastKnownFileType = sourcecode.swift; path = AppSettingsTwo.swift; sourceTree = "<group>"; };
		AA799D922C6A777C00B73E39 /* AccountListView.swift */ = {isa = PBXFileReference; lastKnownFileType = sourcecode.swift; path = AccountListView.swift; sourceTree = "<group>"; };
		AA799D942C6B18F100B73E39 /* RecurringTransactionTag.swift */ = {isa = PBXFileReference; lastKnownFileType = sourcecode.swift; path = RecurringTransactionTag.swift; sourceTree = "<group>"; };
		AAF22CEF2C609E27003EE8EB /* Info.plist */ = {isa = PBXFileReference; lastKnownFileType = text.plist; path = Info.plist; sourceTree = "<group>"; };
		AAF22CF02C64D0B9003EE8EB /* AppContainerState.swift */ = {isa = PBXFileReference; fileEncoding = 4; lastKnownFileType = sourcecode.swift; path = AppContainerState.swift; sourceTree = "<group>"; };
		AAF22CF22C64D0B9003EE8EB /* Currency.swift */ = {isa = PBXFileReference; fileEncoding = 4; lastKnownFileType = sourcecode.swift; path = Currency.swift; sourceTree = "<group>"; };
		AAF22CF32C64D0B9003EE8EB /* CurrencyCode.swift */ = {isa = PBXFileReference; fileEncoding = 4; lastKnownFileType = sourcecode.swift; path = CurrencyCode.swift; sourceTree = "<group>"; };
		AAF22CF52C64D0B9003EE8EB /* DayOfWeekEnum.swift */ = {isa = PBXFileReference; fileEncoding = 4; lastKnownFileType = sourcecode.swift; path = DayOfWeekEnum.swift; sourceTree = "<group>"; };
		AAF22CF62C64D0B9003EE8EB /* FileType.swift */ = {isa = PBXFileReference; fileEncoding = 4; lastKnownFileType = sourcecode.swift; path = FileType.swift; sourceTree = "<group>"; };
		AAF22CF72C64D0B9003EE8EB /* NavViewEnum.swift */ = {isa = PBXFileReference; fileEncoding = 4; lastKnownFileType = sourcecode.swift; path = NavViewEnum.swift; sourceTree = "<group>"; };
		AAF22CF82C64D0B9003EE8EB /* RecurringFrequencyEnum.swift */ = {isa = PBXFileReference; fileEncoding = 4; lastKnownFileType = sourcecode.swift; path = RecurringFrequencyEnum.swift; sourceTree = "<group>"; };
		AAF22CF92C64D0B9003EE8EB /* Tab.swift */ = {isa = PBXFileReference; fileEncoding = 4; lastKnownFileType = sourcecode.swift; path = Tab.swift; sourceTree = "<group>"; };
		AAF22CFA2C64D0B9003EE8EB /* TransactionStatusEnum.swift */ = {isa = PBXFileReference; fileEncoding = 4; lastKnownFileType = sourcecode.swift; path = TransactionStatusEnum.swift; sourceTree = "<group>"; };
		AAF22CFB2C64D0B9003EE8EB /* TransactionTypeEnum.swift */ = {isa = PBXFileReference; fileEncoding = 4; lastKnownFileType = sourcecode.swift; path = TransactionTypeEnum.swift; sourceTree = "<group>"; };
		AAF22CFD2C64D0B9003EE8EB /* Account.swift */ = {isa = PBXFileReference; fileEncoding = 4; lastKnownFileType = sourcecode.swift; path = Account.swift; sourceTree = "<group>"; };
		AAF22CFE2C64D0B9003EE8EB /* AccountTransaction.swift */ = {isa = PBXFileReference; fileEncoding = 4; lastKnownFileType = sourcecode.swift; path = AccountTransaction.swift; sourceTree = "<group>"; };
		AAF22D002C64D0B9003EE8EB /* Previewer.swift */ = {isa = PBXFileReference; fileEncoding = 4; lastKnownFileType = sourcecode.swift; path = Previewer.swift; sourceTree = "<group>"; };
		AAF22D012C64D0B9003EE8EB /* RecurringTransaction.swift */ = {isa = PBXFileReference; fileEncoding = 4; lastKnownFileType = sourcecode.swift; path = RecurringTransaction.swift; sourceTree = "<group>"; };
		AAF22D022C64D0B9003EE8EB /* RecurringTransactionGroup.swift */ = {isa = PBXFileReference; fileEncoding = 4; lastKnownFileType = sourcecode.swift; path = RecurringTransactionGroup.swift; sourceTree = "<group>"; };
		AAF22D032C64D0B9003EE8EB /* TransactionFile.swift */ = {isa = PBXFileReference; fileEncoding = 4; lastKnownFileType = sourcecode.swift; path = TransactionFile.swift; sourceTree = "<group>"; };
		AAF22D042C64D0B9003EE8EB /* TransactionTag.swift */ = {isa = PBXFileReference; fileEncoding = 4; lastKnownFileType = sourcecode.swift; path = TransactionTag.swift; sourceTree = "<group>"; };
		AAF22D192C66A524003EE8EB /* DbController.swift */ = {isa = PBXFileReference; lastKnownFileType = sourcecode.swift; path = DbController.swift; sourceTree = "<group>"; };
/* End PBXFileReference section */

/* Begin PBXFrameworksBuildPhase section */
		AA18E0382C4A4C5D005F30F3 /* Frameworks */ = {
			isa = PBXFrameworksBuildPhase;
			buildActionMask = 2147483647;
			files = (
			);
			runOnlyForDeploymentPostprocessing = 0;
		};
/* End PBXFrameworksBuildPhase section */

/* Begin PBXGroup section */
		AA18E0322C4A4C5D005F30F3 = {
			isa = PBXGroup;
			children = (
				AA18E03D2C4A4C5D005F30F3 /* EtherpunkMoneyRegisterv13 */,
				AA18E03C2C4A4C5D005F30F3 /* Products */,
			);
			sourceTree = "<group>";
		};
		AA18E03C2C4A4C5D005F30F3 /* Products */ = {
			isa = PBXGroup;
			children = (
				AA18E03B2C4A4C5D005F30F3 /* EtherpunkMoneyRegisterv13.app */,
			);
			name = Products;
			sourceTree = "<group>";
		};
		AA18E03D2C4A4C5D005F30F3 /* EtherpunkMoneyRegisterv13 */ = {
			isa = PBXGroup;
			children = (
				AA799D902C6A773C00B73E39 /* Views */,
				AAF22D052C64D0B9003EE8EB /* Data */,
				AAF22CEF2C609E27003EE8EB /* Info.plist */,
				AA18E03E2C4A4C5D005F30F3 /* EtherpunkMoneyRegisterv13App.swift */,
				AA18E0402C4A4C5D005F30F3 /* ContentView.swift */,
				AA18E0422C4A4C5E005F30F3 /* Assets.xcassets */,
				AA18E0442C4A4C5E005F30F3 /* EtherpunkMoneyRegisterv13.entitlements */,
				AA18E0452C4A4C5E005F30F3 /* Preview Content */,
				AA18E0692C4A516F005F30F3 /* AppSettingsTwo.swift */,
			);
			path = EtherpunkMoneyRegisterv13;
			sourceTree = "<group>";
		};
		AA18E0452C4A4C5E005F30F3 /* Preview Content */ = {
			isa = PBXGroup;
			children = (
				AA18E0462C4A4C5E005F30F3 /* Preview Assets.xcassets */,
			);
			path = "Preview Content";
			sourceTree = "<group>";
		};
		AA799D902C6A773C00B73E39 /* Views */ = {
			isa = PBXGroup;
			children = (
				AA799D912C6A775400B73E39 /* Accounts */,
			);
			path = Views;
			sourceTree = "<group>";
		};
		AA799D912C6A775400B73E39 /* Accounts */ = {
			isa = PBXGroup;
			children = (
				AA799D922C6A777C00B73E39 /* AccountListView.swift */,
			);
			path = Accounts;
			sourceTree = "<group>";
		};
		AA799D962C6E37C700B73E39 /* AppData */ = {
			isa = PBXGroup;
			children = (
				AA799D982C6E37E900B73E39 /* Previewer */,
				AAF22CF12C64D0B9003EE8EB /* AppState */,
				AAF22D182C66A50B003EE8EB /* Controller */,
				AAF22CF42C64D0B9003EE8EB /* DataTypes */,
				AAF22CFC2C64D0B9003EE8EB /* Enums */,
				AA799D972C6E37D500B73E39 /* Tables */,
			);
			path = AppData;
			sourceTree = "<group>";
		};
		AA799D972C6E37D500B73E39 /* Tables */ = {
			isa = PBXGroup;
			children = (
				AAF22CFD2C64D0B9003EE8EB /* Account.swift */,
				AAF22CFE2C64D0B9003EE8EB /* AccountTransaction.swift */,
				AAF22D012C64D0B9003EE8EB /* RecurringTransaction.swift */,
				AAF22D022C64D0B9003EE8EB /* RecurringTransactionGroup.swift */,
				AA799D942C6B18F100B73E39 /* RecurringTransactionTag.swift */,
				AAF22D032C64D0B9003EE8EB /* TransactionFile.swift */,
				AAF22D042C64D0B9003EE8EB /* TransactionTag.swift */,
			);
			path = Tables;
			sourceTree = "<group>";
		};
		AA799D982C6E37E900B73E39 /* Previewer */ = {
			isa = PBXGroup;
			children = (
				AAF22D002C64D0B9003EE8EB /* Previewer.swift */,
			);
			path = Previewer;
			sourceTree = "<group>";
		};
		AA799D992C6E380900B73E39 /* DesktopData */ = {
			isa = PBXGroup;
			children = (
			);
			path = DesktopData;
			sourceTree = "<group>";
		};
		AA799D9A2C6E381400B73E39 /* MobileData */ = {
			isa = PBXGroup;
			children = (
			);
			path = MobileData;
			sourceTree = "<group>";
		};
		AAF22CF12C64D0B9003EE8EB /* AppState */ = {
			isa = PBXGroup;
			children = (
				AAF22CF02C64D0B9003EE8EB /* AppContainerState.swift */,
			);
			path = AppState;
			sourceTree = "<group>";
		};
		AAF22CF42C64D0B9003EE8EB /* DataTypes */ = {
			isa = PBXGroup;
			children = (
				AAF22CF22C64D0B9003EE8EB /* Currency.swift */,
				AAF22CF32C64D0B9003EE8EB /* CurrencyCode.swift */,
			);
			path = DataTypes;
			sourceTree = "<group>";
		};
		AAF22CFC2C64D0B9003EE8EB /* Enums */ = {
			isa = PBXGroup;
			children = (
				AAF22CF52C64D0B9003EE8EB /* DayOfWeekEnum.swift */,
				AAF22CF62C64D0B9003EE8EB /* FileType.swift */,
				AAF22CF72C64D0B9003EE8EB /* NavViewEnum.swift */,
				AAF22CF82C64D0B9003EE8EB /* RecurringFrequencyEnum.swift */,
				AAF22CF92C64D0B9003EE8EB /* Tab.swift */,
				AAF22CFA2C64D0B9003EE8EB /* TransactionStatusEnum.swift */,
				AAF22CFB2C64D0B9003EE8EB /* TransactionTypeEnum.swift */,
			);
			path = Enums;
			sourceTree = "<group>";
		};
		AAF22D052C64D0B9003EE8EB /* Data */ = {
			isa = PBXGroup;
			children = (
				AA799D9A2C6E381400B73E39 /* MobileData */,
				AA799D992C6E380900B73E39 /* DesktopData */,
				AA799D962C6E37C700B73E39 /* AppData */,
			);
			path = Data;
			sourceTree = "<group>";
		};
		AAF22D182C66A50B003EE8EB /* Controller */ = {
			isa = PBXGroup;
			children = (
				AAF22D192C66A524003EE8EB /* DbController.swift */,
			);
			path = Controller;
			sourceTree = "<group>";
		};
/* End PBXGroup section */

/* Begin PBXNativeTarget section */
		AA18E03A2C4A4C5D005F30F3 /* EtherpunkMoneyRegisterv13 */ = {
			isa = PBXNativeTarget;
			buildConfigurationList = AA18E0602C4A4C5E005F30F3 /* Build configuration list for PBXNativeTarget "EtherpunkMoneyRegisterv13" */;
			buildPhases = (
				AA18E0372C4A4C5D005F30F3 /* Sources */,
				AA18E0382C4A4C5D005F30F3 /* Frameworks */,
				AA18E0392C4A4C5D005F30F3 /* Resources */,
			);
			buildRules = (
			);
			dependencies = (
			);
			name = EtherpunkMoneyRegisterv13;
			productName = EtherpunkMoneyRegisterv13;
			productReference = AA18E03B2C4A4C5D005F30F3 /* EtherpunkMoneyRegisterv13.app */;
			productType = "com.apple.product-type.application";
		};
/* End PBXNativeTarget section */

/* Begin PBXProject section */
		AA18E0332C4A4C5D005F30F3 /* Project object */ = {
			isa = PBXProject;
			attributes = {
				BuildIndependentTargetsInParallel = 1;
				LastSwiftUpdateCheck = 1530;
				LastUpgradeCheck = 1540;
				TargetAttributes = {
					AA18E03A2C4A4C5D005F30F3 = {
						CreatedOnToolsVersion = 15.3;
					};
				};
			};
			buildConfigurationList = AA18E0362C4A4C5D005F30F3 /* Build configuration list for PBXProject "EtherpunkMoneyRegisterv13" */;
			compatibilityVersion = "Xcode 14.0";
			developmentRegion = en;
			hasScannedForEncodings = 0;
			knownRegions = (
				en,
				Base,
			);
			mainGroup = AA18E0322C4A4C5D005F30F3;
			productRefGroup = AA18E03C2C4A4C5D005F30F3 /* Products */;
			projectDirPath = "";
			projectRoot = "";
			targets = (
				AA18E03A2C4A4C5D005F30F3 /* EtherpunkMoneyRegisterv13 */,
			);
		};
/* End PBXProject section */

/* Begin PBXResourcesBuildPhase section */
		AA18E0392C4A4C5D005F30F3 /* Resources */ = {
			isa = PBXResourcesBuildPhase;
			buildActionMask = 2147483647;
			files = (
				AA18E0472C4A4C5E005F30F3 /* Preview Assets.xcassets in Resources */,
				AA18E0432C4A4C5E005F30F3 /* Assets.xcassets in Resources */,
			);
			runOnlyForDeploymentPostprocessing = 0;
		};
/* End PBXResourcesBuildPhase section */

/* Begin PBXSourcesBuildPhase section */
		AA18E0372C4A4C5D005F30F3 /* Sources */ = {
			isa = PBXSourcesBuildPhase;
			buildActionMask = 2147483647;
			files = (
				AA18E0412C4A4C5D005F30F3 /* ContentView.swift in Sources */,
				AAF22D0E2C64D0B9003EE8EB /* TransactionStatusEnum.swift in Sources */,
				AAF22D112C64D0B9003EE8EB /* AccountTransaction.swift in Sources */,
				AAF22D0B2C64D0B9003EE8EB /* NavViewEnum.swift in Sources */,
				AAF22D092C64D0B9003EE8EB /* DayOfWeekEnum.swift in Sources */,
				AAF22D1A2C66A524003EE8EB /* DbController.swift in Sources */,
				AAF22D072C64D0B9003EE8EB /* Currency.swift in Sources */,
				AAF22D152C64D0B9003EE8EB /* RecurringTransactionGroup.swift in Sources */,
				AAF22D0A2C64D0B9003EE8EB /* FileType.swift in Sources */,
				AAF22D132C64D0B9003EE8EB /* Previewer.swift in Sources */,
				AAF22D0D2C64D0B9003EE8EB /* Tab.swift in Sources */,
				AAF22D0F2C64D0B9003EE8EB /* TransactionTypeEnum.swift in Sources */,
				AAF22D142C64D0B9003EE8EB /* RecurringTransaction.swift in Sources */,
				AA18E03F2C4A4C5D005F30F3 /* EtherpunkMoneyRegisterv13App.swift in Sources */,
				AA799D952C6B18F100B73E39 /* RecurringTransactionTag.swift in Sources */,
				AAF22D082C64D0B9003EE8EB /* CurrencyCode.swift in Sources */,
				AAF22D162C64D0B9003EE8EB /* TransactionFile.swift in Sources */,
				AAF22D0C2C64D0B9003EE8EB /* RecurringFrequencyEnum.swift in Sources */,
				AA18E06A2C4A516F005F30F3 /* AppSettingsTwo.swift in Sources */,
				AA799D932C6A777C00B73E39 /* AccountListView.swift in Sources */,
				AAF22D172C64D0B9003EE8EB /* TransactionTag.swift in Sources */,
				AAF22D062C64D0B9003EE8EB /* AppContainerState.swift in Sources */,
				AAF22D102C64D0B9003EE8EB /* Account.swift in Sources */,
			);
			runOnlyForDeploymentPostprocessing = 0;
		};
/* End PBXSourcesBuildPhase section */

/* Begin XCBuildConfiguration section */
		AA18E05E2C4A4C5E005F30F3 /* Debug */ = {
			isa = XCBuildConfiguration;
			buildSettings = {
				ALWAYS_SEARCH_USER_PATHS = NO;
				ASSETCATALOG_COMPILER_GENERATE_SWIFT_ASSET_SYMBOL_EXTENSIONS = YES;
				CLANG_ANALYZER_NONNULL = YES;
				CLANG_ANALYZER_NUMBER_OBJECT_CONVERSION = YES_AGGRESSIVE;
				CLANG_CXX_LANGUAGE_STANDARD = "gnu++20";
				CLANG_ENABLE_MODULES = YES;
				CLANG_ENABLE_OBJC_ARC = YES;
				CLANG_ENABLE_OBJC_WEAK = YES;
				CLANG_WARN_BLOCK_CAPTURE_AUTORELEASING = YES;
				CLANG_WARN_BOOL_CONVERSION = YES;
				CLANG_WARN_COMMA = YES;
				CLANG_WARN_CONSTANT_CONVERSION = YES;
				CLANG_WARN_DEPRECATED_OBJC_IMPLEMENTATIONS = YES;
				CLANG_WARN_DIRECT_OBJC_ISA_USAGE = YES_ERROR;
				CLANG_WARN_DOCUMENTATION_COMMENTS = YES;
				CLANG_WARN_EMPTY_BODY = YES;
				CLANG_WARN_ENUM_CONVERSION = YES;
				CLANG_WARN_INFINITE_RECURSION = YES;
				CLANG_WARN_INT_CONVERSION = YES;
				CLANG_WARN_NON_LITERAL_NULL_CONVERSION = YES;
				CLANG_WARN_OBJC_IMPLICIT_RETAIN_SELF = YES;
				CLANG_WARN_OBJC_LITERAL_CONVERSION = YES;
				CLANG_WARN_OBJC_ROOT_CLASS = YES_ERROR;
				CLANG_WARN_QUOTED_INCLUDE_IN_FRAMEWORK_HEADER = YES;
				CLANG_WARN_RANGE_LOOP_ANALYSIS = YES;
				CLANG_WARN_STRICT_PROTOTYPES = YES;
				CLANG_WARN_SUSPICIOUS_MOVE = YES;
				CLANG_WARN_UNGUARDED_AVAILABILITY = YES_AGGRESSIVE;
				CLANG_WARN_UNREACHABLE_CODE = YES;
				CLANG_WARN__DUPLICATE_METHOD_MATCH = YES;
				COPY_PHASE_STRIP = NO;
				DEAD_CODE_STRIPPING = YES;
				DEBUG_INFORMATION_FORMAT = dwarf;
				ENABLE_STRICT_OBJC_MSGSEND = YES;
				ENABLE_TESTABILITY = YES;
				ENABLE_USER_SCRIPT_SANDBOXING = YES;
				GCC_C_LANGUAGE_STANDARD = gnu17;
				GCC_DYNAMIC_NO_PIC = NO;
				GCC_NO_COMMON_BLOCKS = YES;
				GCC_OPTIMIZATION_LEVEL = 0;
				GCC_PREPROCESSOR_DEFINITIONS = (
					"DEBUG=1",
					"$(inherited)",
				);
				GCC_WARN_64_TO_32_BIT_CONVERSION = YES;
				GCC_WARN_ABOUT_RETURN_TYPE = YES_ERROR;
				GCC_WARN_UNDECLARED_SELECTOR = YES;
				GCC_WARN_UNINITIALIZED_AUTOS = YES_AGGRESSIVE;
				GCC_WARN_UNUSED_FUNCTION = YES;
				GCC_WARN_UNUSED_VARIABLE = YES;
				LOCALIZATION_PREFERS_STRING_CATALOGS = YES;
				MTL_ENABLE_DEBUG_INFO = INCLUDE_SOURCE;
				MTL_FAST_MATH = YES;
				ONLY_ACTIVE_ARCH = YES;
				SWIFT_ACTIVE_COMPILATION_CONDITIONS = "DEBUG $(inherited)";
				SWIFT_OPTIMIZATION_LEVEL = "-Onone";
			};
			name = Debug;
		};
		AA18E05F2C4A4C5E005F30F3 /* Release */ = {
			isa = XCBuildConfiguration;
			buildSettings = {
				ALWAYS_SEARCH_USER_PATHS = NO;
				ASSETCATALOG_COMPILER_GENERATE_SWIFT_ASSET_SYMBOL_EXTENSIONS = YES;
				CLANG_ANALYZER_NONNULL = YES;
				CLANG_ANALYZER_NUMBER_OBJECT_CONVERSION = YES_AGGRESSIVE;
				CLANG_CXX_LANGUAGE_STANDARD = "gnu++20";
				CLANG_ENABLE_MODULES = YES;
				CLANG_ENABLE_OBJC_ARC = YES;
				CLANG_ENABLE_OBJC_WEAK = YES;
				CLANG_WARN_BLOCK_CAPTURE_AUTORELEASING = YES;
				CLANG_WARN_BOOL_CONVERSION = YES;
				CLANG_WARN_COMMA = YES;
				CLANG_WARN_CONSTANT_CONVERSION = YES;
				CLANG_WARN_DEPRECATED_OBJC_IMPLEMENTATIONS = YES;
				CLANG_WARN_DIRECT_OBJC_ISA_USAGE = YES_ERROR;
				CLANG_WARN_DOCUMENTATION_COMMENTS = YES;
				CLANG_WARN_EMPTY_BODY = YES;
				CLANG_WARN_ENUM_CONVERSION = YES;
				CLANG_WARN_INFINITE_RECURSION = YES;
				CLANG_WARN_INT_CONVERSION = YES;
				CLANG_WARN_NON_LITERAL_NULL_CONVERSION = YES;
				CLANG_WARN_OBJC_IMPLICIT_RETAIN_SELF = YES;
				CLANG_WARN_OBJC_LITERAL_CONVERSION = YES;
				CLANG_WARN_OBJC_ROOT_CLASS = YES_ERROR;
				CLANG_WARN_QUOTED_INCLUDE_IN_FRAMEWORK_HEADER = YES;
				CLANG_WARN_RANGE_LOOP_ANALYSIS = YES;
				CLANG_WARN_STRICT_PROTOTYPES = YES;
				CLANG_WARN_SUSPICIOUS_MOVE = YES;
				CLANG_WARN_UNGUARDED_AVAILABILITY = YES_AGGRESSIVE;
				CLANG_WARN_UNREACHABLE_CODE = YES;
				CLANG_WARN__DUPLICATE_METHOD_MATCH = YES;
				COPY_PHASE_STRIP = NO;
				DEAD_CODE_STRIPPING = YES;
				DEBUG_INFORMATION_FORMAT = "dwarf-with-dsym";
				ENABLE_NS_ASSERTIONS = NO;
				ENABLE_STRICT_OBJC_MSGSEND = YES;
				ENABLE_USER_SCRIPT_SANDBOXING = YES;
				GCC_C_LANGUAGE_STANDARD = gnu17;
				GCC_NO_COMMON_BLOCKS = YES;
				GCC_WARN_64_TO_32_BIT_CONVERSION = YES;
				GCC_WARN_ABOUT_RETURN_TYPE = YES_ERROR;
				GCC_WARN_UNDECLARED_SELECTOR = YES;
				GCC_WARN_UNINITIALIZED_AUTOS = YES_AGGRESSIVE;
				GCC_WARN_UNUSED_FUNCTION = YES;
				GCC_WARN_UNUSED_VARIABLE = YES;
				LOCALIZATION_PREFERS_STRING_CATALOGS = YES;
				MTL_ENABLE_DEBUG_INFO = NO;
				MTL_FAST_MATH = YES;
				SWIFT_COMPILATION_MODE = wholemodule;
			};
			name = Release;
		};
		AA18E0612C4A4C5E005F30F3 /* Debug */ = {
			isa = XCBuildConfiguration;
			buildSettings = {
				ASSETCATALOG_COMPILER_APPICON_NAME = AppIcon;
				ASSETCATALOG_COMPILER_GLOBAL_ACCENT_COLOR_NAME = AccentColor;
				CODE_SIGN_ENTITLEMENTS = EtherpunkMoneyRegisterv13/EtherpunkMoneyRegisterv13.entitlements;
				CODE_SIGN_STYLE = Automatic;
				CURRENT_PROJECT_VERSION = 1;
				DEAD_CODE_STRIPPING = YES;
				DEVELOPMENT_ASSET_PATHS = "\"EtherpunkMoneyRegisterv13/Preview Content\"";
				DEVELOPMENT_TEAM = SNH2E6X8CL;
				ENABLE_HARDENED_RUNTIME = YES;
				ENABLE_PREVIEWS = YES;
				GENERATE_INFOPLIST_FILE = YES;
				INFOPLIST_FILE = EtherpunkMoneyRegisterv13/Info.plist;
				"INFOPLIST_KEY_UIApplicationSceneManifest_Generation[sdk=iphoneos*]" = YES;
				"INFOPLIST_KEY_UIApplicationSceneManifest_Generation[sdk=iphonesimulator*]" = YES;
				"INFOPLIST_KEY_UIApplicationSupportsIndirectInputEvents[sdk=iphoneos*]" = YES;
				"INFOPLIST_KEY_UIApplicationSupportsIndirectInputEvents[sdk=iphonesimulator*]" = YES;
				"INFOPLIST_KEY_UILaunchScreen_Generation[sdk=iphoneos*]" = YES;
				"INFOPLIST_KEY_UILaunchScreen_Generation[sdk=iphonesimulator*]" = YES;
				"INFOPLIST_KEY_UIStatusBarStyle[sdk=iphoneos*]" = UIStatusBarStyleDefault;
				"INFOPLIST_KEY_UIStatusBarStyle[sdk=iphonesimulator*]" = UIStatusBarStyleDefault;
				INFOPLIST_KEY_UISupportedInterfaceOrientations_iPad = "UIInterfaceOrientationPortrait UIInterfaceOrientationPortraitUpsideDown UIInterfaceOrientationLandscapeLeft UIInterfaceOrientationLandscapeRight";
				INFOPLIST_KEY_UISupportedInterfaceOrientations_iPhone = "UIInterfaceOrientationPortrait UIInterfaceOrientationLandscapeLeft UIInterfaceOrientationLandscapeRight";
				IPHONEOS_DEPLOYMENT_TARGET = 17.4;
				LD_RUNPATH_SEARCH_PATHS = "@executable_path/Frameworks";
				"LD_RUNPATH_SEARCH_PATHS[sdk=macosx*]" = "@executable_path/../Frameworks";
				MACOSX_DEPLOYMENT_TARGET = 14.4;
				MARKETING_VERSION = 0.1;
				PRODUCT_BUNDLE_IDENTIFIER = com.etherpunk.EtherpunkMoneyRegisterv13;
				PRODUCT_NAME = "$(TARGET_NAME)";
				SDKROOT = auto;
				SUPPORTED_PLATFORMS = "iphoneos iphonesimulator macosx";
				SWIFT_EMIT_LOC_STRINGS = YES;
				SWIFT_VERSION = 5.0;
				TARGETED_DEVICE_FAMILY = "1,2";
			};
			name = Debug;
		};
		AA18E0622C4A4C5E005F30F3 /* Release */ = {
			isa = XCBuildConfiguration;
			buildSettings = {
				ASSETCATALOG_COMPILER_APPICON_NAME = AppIcon;
				ASSETCATALOG_COMPILER_GLOBAL_ACCENT_COLOR_NAME = AccentColor;
				CODE_SIGN_ENTITLEMENTS = EtherpunkMoneyRegisterv13/EtherpunkMoneyRegisterv13.entitlements;
				CODE_SIGN_STYLE = Automatic;
				CURRENT_PROJECT_VERSION = 1;
				DEAD_CODE_STRIPPING = YES;
				DEVELOPMENT_ASSET_PATHS = "\"EtherpunkMoneyRegisterv13/Preview Content\"";
				DEVELOPMENT_TEAM = SNH2E6X8CL;
				ENABLE_HARDENED_RUNTIME = YES;
				ENABLE_PREVIEWS = YES;
				GENERATE_INFOPLIST_FILE = YES;
				INFOPLIST_FILE = EtherpunkMoneyRegisterv13/Info.plist;
				"INFOPLIST_KEY_UIApplicationSceneManifest_Generation[sdk=iphoneos*]" = YES;
				"INFOPLIST_KEY_UIApplicationSceneManifest_Generation[sdk=iphonesimulator*]" = YES;
				"INFOPLIST_KEY_UIApplicationSupportsIndirectInputEvents[sdk=iphoneos*]" = YES;
				"INFOPLIST_KEY_UIApplicationSupportsIndirectInputEvents[sdk=iphonesimulator*]" = YES;
				"INFOPLIST_KEY_UILaunchScreen_Generation[sdk=iphoneos*]" = YES;
				"INFOPLIST_KEY_UILaunchScreen_Generation[sdk=iphonesimulator*]" = YES;
				"INFOPLIST_KEY_UIStatusBarStyle[sdk=iphoneos*]" = UIStatusBarStyleDefault;
				"INFOPLIST_KEY_UIStatusBarStyle[sdk=iphonesimulator*]" = UIStatusBarStyleDefault;
				INFOPLIST_KEY_UISupportedInterfaceOrientations_iPad = "UIInterfaceOrientationPortrait UIInterfaceOrientationPortraitUpsideDown UIInterfaceOrientationLandscapeLeft UIInterfaceOrientationLandscapeRight";
				INFOPLIST_KEY_UISupportedInterfaceOrientations_iPhone = "UIInterfaceOrientationPortrait UIInterfaceOrientationLandscapeLeft UIInterfaceOrientationLandscapeRight";
				IPHONEOS_DEPLOYMENT_TARGET = 17.4;
				LD_RUNPATH_SEARCH_PATHS = "@executable_path/Frameworks";
				"LD_RUNPATH_SEARCH_PATHS[sdk=macosx*]" = "@executable_path/../Frameworks";
				MACOSX_DEPLOYMENT_TARGET = 14.4;
				MARKETING_VERSION = 0.1;
				PRODUCT_BUNDLE_IDENTIFIER = com.etherpunk.EtherpunkMoneyRegisterv13;
				PRODUCT_NAME = "$(TARGET_NAME)";
				SDKROOT = auto;
				SUPPORTED_PLATFORMS = "iphoneos iphonesimulator macosx";
				SWIFT_EMIT_LOC_STRINGS = YES;
				SWIFT_VERSION = 5.0;
				TARGETED_DEVICE_FAMILY = "1,2";
			};
			name = Release;
		};
/* End XCBuildConfiguration section */

/* Begin XCConfigurationList section */
		AA18E0362C4A4C5D005F30F3 /* Build configuration list for PBXProject "EtherpunkMoneyRegisterv13" */ = {
			isa = XCConfigurationList;
			buildConfigurations = (
				AA18E05E2C4A4C5E005F30F3 /* Debug */,
				AA18E05F2C4A4C5E005F30F3 /* Release */,
			);
			defaultConfigurationIsVisible = 0;
			defaultConfigurationName = Release;
		};
		AA18E0602C4A4C5E005F30F3 /* Build configuration list for PBXNativeTarget "EtherpunkMoneyRegisterv13" */ = {
			isa = XCConfigurationList;
			buildConfigurations = (
				AA18E0612C4A4C5E005F30F3 /* Debug */,
				AA18E0622C4A4C5E005F30F3 /* Release */,
			);
			defaultConfigurationIsVisible = 0;
			defaultConfigurationName = Release;
		};
/* End XCConfigurationList section */
	};
	rootObject = AA18E0332C4A4C5D005F30F3 /* Project object */;
}
