// !$*UTF8*$!
{
	archiveVersion = 1;
	classes = {
	};
	objectVersion = 77;
	objects = {

/* Begin PBXContainerItemProxy section */
		AAE570FA2CBD58D500663DD7 /* PBXContainerItemProxy */ = {
			isa = PBXContainerItemProxy;
			containerPortal = AAE570DD2CBD58D400663DD7 /* Project object */;
			proxyType = 1;
			remoteGlobalIDString = AAE570E42CBD58D400663DD7;
			remoteInfo = EtherpunksMoneyRegister.v14;
		};
		AAE571042CBD58D500663DD7 /* PBXContainerItemProxy */ = {
			isa = PBXContainerItemProxy;
			containerPortal = AAE570DD2CBD58D400663DD7 /* Project object */;
			proxyType = 1;
			remoteGlobalIDString = AAE570E42CBD58D400663DD7;
			remoteInfo = EtherpunksMoneyRegister.v14;
		};
/* End PBXContainerItemProxy section */

/* Begin PBXFileReference section */
		AA56088E2CDE4E66006B1932 /* MyPlayground.playground */ = {isa = PBXFileReference; lastKnownFileType = file.playground; path = MyPlayground.playground; sourceTree = "<group>"; xcLanguageSpecificationIdentifier = xcode.lang.swift; };
		AAE570E52CBD58D400663DD7 /* EtherpunksMoneyRegister.v14.app */ = {isa = PBXFileReference; explicitFileType = wrapper.application; includeInIndex = 0; path = EtherpunksMoneyRegister.v14.app; sourceTree = BUILT_PRODUCTS_DIR; };
		AAE570F92CBD58D500663DD7 /* EtherpunksMoneyRegister.v14Tests.xctest */ = {isa = PBXFileReference; explicitFileType = wrapper.cfbundle; includeInIndex = 0; path = EtherpunksMoneyRegister.v14Tests.xctest; sourceTree = BUILT_PRODUCTS_DIR; };
		AAE571032CBD58D500663DD7 /* EtherpunksMoneyRegister.v14UITests.xctest */ = {isa = PBXFileReference; explicitFileType = wrapper.cfbundle; includeInIndex = 0; path = EtherpunksMoneyRegister.v14UITests.xctest; sourceTree = BUILT_PRODUCTS_DIR; };
/* End PBXFileReference section */

/* Begin PBXFileSystemSynchronizedBuildFileExceptionSet section */
		AAE5710B2CBD58D500663DD7 /* Exceptions for "EtherpunksMoneyRegister.v14" folder in "EtherpunksMoneyRegister.v14" target */ = {
			isa = PBXFileSystemSynchronizedBuildFileExceptionSet;
			membershipExceptions = (
				Info.plist,
			);
			target = AAE570E42CBD58D400663DD7 /* EtherpunksMoneyRegister.v14 */;
		};
/* End PBXFileSystemSynchronizedBuildFileExceptionSet section */

/* Begin PBXFileSystemSynchronizedRootGroup section */
		AAE570E72CBD58D400663DD7 /* EtherpunksMoneyRegister.v14 */ = {
			isa = PBXFileSystemSynchronizedRootGroup;
			exceptions = (
				AAE5710B2CBD58D500663DD7 /* Exceptions for "EtherpunksMoneyRegister.v14" folder in "EtherpunksMoneyRegister.v14" target */,
			);
			path = EtherpunksMoneyRegister.v14;
			sourceTree = "<group>";
		};
		AAE570FC2CBD58D500663DD7 /* EtherpunksMoneyRegister.v14Tests */ = {
			isa = PBXFileSystemSynchronizedRootGroup;
			path = EtherpunksMoneyRegister.v14Tests;
			sourceTree = "<group>";
		};
		AAE571062CBD58D500663DD7 /* EtherpunksMoneyRegister.v14UITests */ = {
			isa = PBXFileSystemSynchronizedRootGroup;
			path = EtherpunksMoneyRegister.v14UITests;
			sourceTree = "<group>";
		};
/* End PBXFileSystemSynchronizedRootGroup section */

/* Begin PBXFrameworksBuildPhase section */
		AAE570E22CBD58D400663DD7 /* Frameworks */ = {
			isa = PBXFrameworksBuildPhase;
			buildActionMask = 2147483647;
			files = (
			);
			runOnlyForDeploymentPostprocessing = 0;
		};
		AAE570F62CBD58D500663DD7 /* Frameworks */ = {
			isa = PBXFrameworksBuildPhase;
			buildActionMask = 2147483647;
			files = (
			);
			runOnlyForDeploymentPostprocessing = 0;
		};
		AAE571002CBD58D500663DD7 /* Frameworks */ = {
			isa = PBXFrameworksBuildPhase;
			buildActionMask = 2147483647;
			files = (
			);
			runOnlyForDeploymentPostprocessing = 0;
		};
/* End PBXFrameworksBuildPhase section */

/* Begin PBXGroup section */
		AAE570DC2CBD58D400663DD7 = {
			isa = PBXGroup;
			children = (
				AA56088E2CDE4E66006B1932 /* MyPlayground.playground */,
				AAE570E72CBD58D400663DD7 /* EtherpunksMoneyRegister.v14 */,
				AAE570FC2CBD58D500663DD7 /* EtherpunksMoneyRegister.v14Tests */,
				AAE571062CBD58D500663DD7 /* EtherpunksMoneyRegister.v14UITests */,
				AAE570E62CBD58D400663DD7 /* Products */,
			);
			sourceTree = "<group>";
		};
		AAE570E62CBD58D400663DD7 /* Products */ = {
			isa = PBXGroup;
			children = (
				AAE570E52CBD58D400663DD7 /* EtherpunksMoneyRegister.v14.app */,
				AAE570F92CBD58D500663DD7 /* EtherpunksMoneyRegister.v14Tests.xctest */,
				AAE571032CBD58D500663DD7 /* EtherpunksMoneyRegister.v14UITests.xctest */,
			);
			name = Products;
			sourceTree = "<group>";
		};
/* End PBXGroup section */

/* Begin PBXNativeTarget section */
		AAE570E42CBD58D400663DD7 /* EtherpunksMoneyRegister.v14 */ = {
			isa = PBXNativeTarget;
			buildConfigurationList = AAE5710C2CBD58D500663DD7 /* Build configuration list for PBXNativeTarget "EtherpunksMoneyRegister.v14" */;
			buildPhases = (
				AAE570E12CBD58D400663DD7 /* Sources */,
				AAE570E22CBD58D400663DD7 /* Frameworks */,
				AAE570E32CBD58D400663DD7 /* Resources */,
			);
			buildRules = (
			);
			dependencies = (
			);
			fileSystemSynchronizedGroups = (
				AAE570E72CBD58D400663DD7 /* EtherpunksMoneyRegister.v14 */,
			);
			name = EtherpunksMoneyRegister.v14;
			packageProductDependencies = (
			);
			productName = EtherpunksMoneyRegister.v14;
			productReference = AAE570E52CBD58D400663DD7 /* EtherpunksMoneyRegister.v14.app */;
			productType = "com.apple.product-type.application";
		};
		AAE570F82CBD58D500663DD7 /* EtherpunksMoneyRegister.v14Tests */ = {
			isa = PBXNativeTarget;
			buildConfigurationList = AAE571112CBD58D500663DD7 /* Build configuration list for PBXNativeTarget "EtherpunksMoneyRegister.v14Tests" */;
			buildPhases = (
				AAE570F52CBD58D500663DD7 /* Sources */,
				AAE570F62CBD58D500663DD7 /* Frameworks */,
				AAE570F72CBD58D500663DD7 /* Resources */,
			);
			buildRules = (
			);
			dependencies = (
				AAE570FB2CBD58D500663DD7 /* PBXTargetDependency */,
			);
			fileSystemSynchronizedGroups = (
				AAE570FC2CBD58D500663DD7 /* EtherpunksMoneyRegister.v14Tests */,
			);
			name = EtherpunksMoneyRegister.v14Tests;
			packageProductDependencies = (
			);
			productName = EtherpunksMoneyRegister.v14Tests;
			productReference = AAE570F92CBD58D500663DD7 /* EtherpunksMoneyRegister.v14Tests.xctest */;
			productType = "com.apple.product-type.bundle.unit-test";
		};
		AAE571022CBD58D500663DD7 /* EtherpunksMoneyRegister.v14UITests */ = {
			isa = PBXNativeTarget;
			buildConfigurationList = AAE571142CBD58D500663DD7 /* Build configuration list for PBXNativeTarget "EtherpunksMoneyRegister.v14UITests" */;
			buildPhases = (
				AAE570FF2CBD58D500663DD7 /* Sources */,
				AAE571002CBD58D500663DD7 /* Frameworks */,
				AAE571012CBD58D500663DD7 /* Resources */,
			);
			buildRules = (
			);
			dependencies = (
				AAE571052CBD58D500663DD7 /* PBXTargetDependency */,
			);
			fileSystemSynchronizedGroups = (
				AAE571062CBD58D500663DD7 /* EtherpunksMoneyRegister.v14UITests */,
			);
			name = EtherpunksMoneyRegister.v14UITests;
			packageProductDependencies = (
			);
			productName = EtherpunksMoneyRegister.v14UITests;
			productReference = AAE571032CBD58D500663DD7 /* EtherpunksMoneyRegister.v14UITests.xctest */;
			productType = "com.apple.product-type.bundle.ui-testing";
		};
/* End PBXNativeTarget section */

/* Begin PBXProject section */
		AAE570DD2CBD58D400663DD7 /* Project object */ = {
			isa = PBXProject;
			attributes = {
				BuildIndependentTargetsInParallel = 1;
				LastSwiftUpdateCheck = 1600;
				LastUpgradeCheck = 1600;
				TargetAttributes = {
					AAE570E42CBD58D400663DD7 = {
						CreatedOnToolsVersion = 16.0;
					};
					AAE570F82CBD58D500663DD7 = {
						CreatedOnToolsVersion = 16.0;
						TestTargetID = AAE570E42CBD58D400663DD7;
					};
					AAE571022CBD58D500663DD7 = {
						CreatedOnToolsVersion = 16.0;
						TestTargetID = AAE570E42CBD58D400663DD7;
					};
				};
			};
			buildConfigurationList = AAE570E02CBD58D400663DD7 /* Build configuration list for PBXProject "EtherpunksMoneyRegister.v14" */;
			developmentRegion = en;
			hasScannedForEncodings = 0;
			knownRegions = (
				en,
				Base,
			);
			mainGroup = AAE570DC2CBD58D400663DD7;
			minimizedProjectReferenceProxies = 1;
			preferredProjectObjectVersion = 77;
			productRefGroup = AAE570E62CBD58D400663DD7 /* Products */;
			projectDirPath = "";
			projectRoot = "";
			targets = (
				AAE570E42CBD58D400663DD7 /* EtherpunksMoneyRegister.v14 */,
				AAE570F82CBD58D500663DD7 /* EtherpunksMoneyRegister.v14Tests */,
				AAE571022CBD58D500663DD7 /* EtherpunksMoneyRegister.v14UITests */,
			);
		};
/* End PBXProject section */

/* Begin PBXResourcesBuildPhase section */
		AAE570E32CBD58D400663DD7 /* Resources */ = {
			isa = PBXResourcesBuildPhase;
			buildActionMask = 2147483647;
			files = (
			);
			runOnlyForDeploymentPostprocessing = 0;
		};
		AAE570F72CBD58D500663DD7 /* Resources */ = {
			isa = PBXResourcesBuildPhase;
			buildActionMask = 2147483647;
			files = (
			);
			runOnlyForDeploymentPostprocessing = 0;
		};
		AAE571012CBD58D500663DD7 /* Resources */ = {
			isa = PBXResourcesBuildPhase;
			buildActionMask = 2147483647;
			files = (
			);
			runOnlyForDeploymentPostprocessing = 0;
		};
/* End PBXResourcesBuildPhase section */

/* Begin PBXSourcesBuildPhase section */
		AAE570E12CBD58D400663DD7 /* Sources */ = {
			isa = PBXSourcesBuildPhase;
			buildActionMask = 2147483647;
			files = (
			);
			runOnlyForDeploymentPostprocessing = 0;
		};
		AAE570F52CBD58D500663DD7 /* Sources */ = {
			isa = PBXSourcesBuildPhase;
			buildActionMask = 2147483647;
			files = (
			);
			runOnlyForDeploymentPostprocessing = 0;
		};
		AAE570FF2CBD58D500663DD7 /* Sources */ = {
			isa = PBXSourcesBuildPhase;
			buildActionMask = 2147483647;
			files = (
			);
			runOnlyForDeploymentPostprocessing = 0;
		};
/* End PBXSourcesBuildPhase section */

/* Begin PBXTargetDependency section */
		AAE570FB2CBD58D500663DD7 /* PBXTargetDependency */ = {
			isa = PBXTargetDependency;
			target = AAE570E42CBD58D400663DD7 /* EtherpunksMoneyRegister.v14 */;
			targetProxy = AAE570FA2CBD58D500663DD7 /* PBXContainerItemProxy */;
		};
		AAE571052CBD58D500663DD7 /* PBXTargetDependency */ = {
			isa = PBXTargetDependency;
			target = AAE570E42CBD58D400663DD7 /* EtherpunksMoneyRegister.v14 */;
			targetProxy = AAE571042CBD58D500663DD7 /* PBXContainerItemProxy */;
		};
/* End PBXTargetDependency section */

/* Begin XCBuildConfiguration section */
		AAE5710D2CBD58D500663DD7 /* Debug */ = {
			isa = XCBuildConfiguration;
			buildSettings = {
				ASSETCATALOG_COMPILER_APPICON_NAME = AppIcon;
				ASSETCATALOG_COMPILER_GLOBAL_ACCENT_COLOR_NAME = AccentColor;
				CODE_SIGN_ENTITLEMENTS = EtherpunksMoneyRegister.v14/EtherpunksMoneyRegister_v14.entitlements;
				CODE_SIGN_STYLE = Automatic;
				CURRENT_PROJECT_VERSION = 1;
				DEVELOPMENT_ASSET_PATHS = "\"EtherpunksMoneyRegister.v14/Preview Content\"";
				DEVELOPMENT_TEAM = SNH2E6X8CL;
				ENABLE_HARDENED_RUNTIME = YES;
				ENABLE_PREVIEWS = YES;
				GENERATE_INFOPLIST_FILE = YES;
				INFOPLIST_FILE = EtherpunksMoneyRegister.v14/Info.plist;
				INFOPLIST_KEY_LSApplicationCategoryType = "public.app-category.finance";
				"INFOPLIST_KEY_UIApplicationSceneManifest_Generation[sdk=iphoneos*]" = YES;
				"INFOPLIST_KEY_UIApplicationSceneManifest_Generation[sdk=iphonesimulator*]" = YES;
				"INFOPLIST_KEY_UIApplicationSupportsIndirectInputEvents[sdk=iphoneos*]" = YES;
				"INFOPLIST_KEY_UIApplicationSupportsIndirectInputEvents[sdk=iphonesimulator*]" = YES;
				"INFOPLIST_KEY_UILaunchScreen_Generation[sdk=iphoneos*]" = YES;
				"INFOPLIST_KEY_UILaunchScreen_Generation[sdk=iphonesimulator*]" = YES;
				"INFOPLIST_KEY_UIStatusBarStyle[sdk=iphoneos*]" = UIStatusBarStyleDefault;
				"INFOPLIST_KEY_UIStatusBarStyle[sdk=iphonesimulator*]" = UIStatusBarStyleDefault;
				INFOPLIST_KEY_UISupportedInterfaceOrientations_iPad = "UIInterfaceOrientationPortrait UIInterfaceOrientationPortraitUpsideDown UIInterfaceOrientationLandscapeLeft UIInterfaceOrientationLandscapeRight";
				INFOPLIST_KEY_UISupportedInterfaceOrientations_iPhone = "UIInterfaceOrientationPortrait UIInterfaceOrientationLandscapeLeft UIInterfaceOrientationLandscapeRight";
				IPHONEOS_DEPLOYMENT_TARGET = 18.0;
				LD_RUNPATH_SEARCH_PATHS = "@executable_path/Frameworks";
				"LD_RUNPATH_SEARCH_PATHS[sdk=macosx*]" = "@executable_path/../Frameworks";
				MACOSX_DEPLOYMENT_TARGET = 14.0;
				MARKETING_VERSION = 0.1;
				PRODUCT_BUNDLE_IDENTIFIER = "com.etherpunk.EtherpunksMoneyRegister-v14";
				PRODUCT_NAME = "$(TARGET_NAME)";
				SDKROOT = auto;
				SUPPORTED_PLATFORMS = "iphoneos iphonesimulator macosx";
				SUPPORTS_MACCATALYST = NO;
				SWIFT_EMIT_LOC_STRINGS = YES;
				SWIFT_VERSION = 5.0;
				TARGETED_DEVICE_FAMILY = "1,2";
				XROS_DEPLOYMENT_TARGET = 2.0;
			};
			name = Debug;
		};
		AAE5710E2CBD58D500663DD7 /* Release */ = {
			isa = XCBuildConfiguration;
			buildSettings = {
				ASSETCATALOG_COMPILER_APPICON_NAME = AppIcon;
				ASSETCATALOG_COMPILER_GLOBAL_ACCENT_COLOR_NAME = AccentColor;
				CODE_SIGN_ENTITLEMENTS = EtherpunksMoneyRegister.v14/EtherpunksMoneyRegister_v14.entitlements;
				CODE_SIGN_STYLE = Automatic;
				CURRENT_PROJECT_VERSION = 1;
				DEVELOPMENT_ASSET_PATHS = "\"EtherpunksMoneyRegister.v14/Preview Content\"";
				DEVELOPMENT_TEAM = SNH2E6X8CL;
				ENABLE_HARDENED_RUNTIME = YES;
				ENABLE_PREVIEWS = YES;
				GENERATE_INFOPLIST_FILE = YES;
				INFOPLIST_FILE = EtherpunksMoneyRegister.v14/Info.plist;
				INFOPLIST_KEY_LSApplicationCategoryType = "public.app-category.finance";
				"INFOPLIST_KEY_UIApplicationSceneManifest_Generation[sdk=iphoneos*]" = YES;
				"INFOPLIST_KEY_UIApplicationSceneManifest_Generation[sdk=iphonesimulator*]" = YES;
				"INFOPLIST_KEY_UIApplicationSupportsIndirectInputEvents[sdk=iphoneos*]" = YES;
				"INFOPLIST_KEY_UIApplicationSupportsIndirectInputEvents[sdk=iphonesimulator*]" = YES;
				"INFOPLIST_KEY_UILaunchScreen_Generation[sdk=iphoneos*]" = YES;
				"INFOPLIST_KEY_UILaunchScreen_Generation[sdk=iphonesimulator*]" = YES;
				"INFOPLIST_KEY_UIStatusBarStyle[sdk=iphoneos*]" = UIStatusBarStyleDefault;
				"INFOPLIST_KEY_UIStatusBarStyle[sdk=iphonesimulator*]" = UIStatusBarStyleDefault;
				INFOPLIST_KEY_UISupportedInterfaceOrientations_iPad = "UIInterfaceOrientationPortrait UIInterfaceOrientationPortraitUpsideDown UIInterfaceOrientationLandscapeLeft UIInterfaceOrientationLandscapeRight";
				INFOPLIST_KEY_UISupportedInterfaceOrientations_iPhone = "UIInterfaceOrientationPortrait UIInterfaceOrientationLandscapeLeft UIInterfaceOrientationLandscapeRight";
				IPHONEOS_DEPLOYMENT_TARGET = 18.0;
				LD_RUNPATH_SEARCH_PATHS = "@executable_path/Frameworks";
				"LD_RUNPATH_SEARCH_PATHS[sdk=macosx*]" = "@executable_path/../Frameworks";
				MACOSX_DEPLOYMENT_TARGET = 14.0;
				MARKETING_VERSION = 0.1;
				PRODUCT_BUNDLE_IDENTIFIER = "com.etherpunk.EtherpunksMoneyRegister-v14";
				PRODUCT_NAME = "$(TARGET_NAME)";
				SDKROOT = auto;
				SUPPORTED_PLATFORMS = "iphoneos iphonesimulator macosx";
				SUPPORTS_MACCATALYST = NO;
				SWIFT_EMIT_LOC_STRINGS = YES;
				SWIFT_VERSION = 5.0;
				TARGETED_DEVICE_FAMILY = "1,2";
				XROS_DEPLOYMENT_TARGET = 2.0;
			};
			name = Release;
		};
		AAE5710F2CBD58D500663DD7 /* Debug */ = {
			isa = XCBuildConfiguration;
			buildSettings = {
				ALWAYS_SEARCH_USER_PATHS = NO;
				ASSETCATALOG_COMPILER_GENERATE_SWIFT_ASSET_SYMBOL_EXTENSIONS = YES;
				CLANG_ANALYZER_NONNULL = YES;
				CLANG_ANALYZER_NUMBER_OBJECT_CONVERSION = YES_AGGRESSIVE;
				CLANG_CXX_LANGUAGE_STANDARD = "gnu++20";
				CLANG_ENABLE_MODULES = YES;
				CLANG_ENABLE_OBJC_ARC = YES;
				CLANG_ENABLE_OBJC_WEAK = YES;
				CLANG_WARN_BLOCK_CAPTURE_AUTORELEASING = YES;
				CLANG_WARN_BOOL_CONVERSION = YES;
				CLANG_WARN_COMMA = YES;
				CLANG_WARN_CONSTANT_CONVERSION = YES;
				CLANG_WARN_DEPRECATED_OBJC_IMPLEMENTATIONS = YES;
				CLANG_WARN_DIRECT_OBJC_ISA_USAGE = YES_ERROR;
				CLANG_WARN_DOCUMENTATION_COMMENTS = YES;
				CLANG_WARN_EMPTY_BODY = YES;
				CLANG_WARN_ENUM_CONVERSION = YES;
				CLANG_WARN_INFINITE_RECURSION = YES;
				CLANG_WARN_INT_CONVERSION = YES;
				CLANG_WARN_NON_LITERAL_NULL_CONVERSION = YES;
				CLANG_WARN_OBJC_IMPLICIT_RETAIN_SELF = YES;
				CLANG_WARN_OBJC_LITERAL_CONVERSION = YES;
				CLANG_WARN_OBJC_ROOT_CLASS = YES_ERROR;
				CLANG_WARN_QUOTED_INCLUDE_IN_FRAMEWORK_HEADER = YES;
				CLANG_WARN_RANGE_LOOP_ANALYSIS = YES;
				CLANG_WARN_STRICT_PROTOTYPES = YES;
				CLANG_WARN_SUSPICIOUS_MOVE = YES;
				CLANG_WARN_UNGUARDED_AVAILABILITY = YES_AGGRESSIVE;
				CLANG_WARN_UNREACHABLE_CODE = YES;
				CLANG_WARN__DUPLICATE_METHOD_MATCH = YES;
				COPY_PHASE_STRIP = NO;
				DEBUG_INFORMATION_FORMAT = dwarf;
				ENABLE_STRICT_OBJC_MSGSEND = YES;
				ENABLE_TESTABILITY = YES;
				ENABLE_USER_SCRIPT_SANDBOXING = YES;
				GCC_C_LANGUAGE_STANDARD = gnu17;
				GCC_DYNAMIC_NO_PIC = NO;
				GCC_NO_COMMON_BLOCKS = YES;
				GCC_OPTIMIZATION_LEVEL = 0;
				GCC_PREPROCESSOR_DEFINITIONS = (
					"DEBUG=1",
					"$(inherited)",
				);
				GCC_WARN_64_TO_32_BIT_CONVERSION = YES;
				GCC_WARN_ABOUT_RETURN_TYPE = YES_ERROR;
				GCC_WARN_UNDECLARED_SELECTOR = YES;
				GCC_WARN_UNINITIALIZED_AUTOS = YES_AGGRESSIVE;
				GCC_WARN_UNUSED_FUNCTION = YES;
				GCC_WARN_UNUSED_VARIABLE = YES;
				LOCALIZATION_PREFERS_STRING_CATALOGS = YES;
				MTL_ENABLE_DEBUG_INFO = INCLUDE_SOURCE;
				MTL_FAST_MATH = YES;
				ONLY_ACTIVE_ARCH = YES;
				SWIFT_ACTIVE_COMPILATION_CONDITIONS = "DEBUG $(inherited)";
				SWIFT_OPTIMIZATION_LEVEL = "-Onone";
			};
			name = Debug;
		};
		AAE571102CBD58D500663DD7 /* Release */ = {
			isa = XCBuildConfiguration;
			buildSettings = {
				ALWAYS_SEARCH_USER_PATHS = NO;
				ASSETCATALOG_COMPILER_GENERATE_SWIFT_ASSET_SYMBOL_EXTENSIONS = YES;
				CLANG_ANALYZER_NONNULL = YES;
				CLANG_ANALYZER_NUMBER_OBJECT_CONVERSION = YES_AGGRESSIVE;
				CLANG_CXX_LANGUAGE_STANDARD = "gnu++20";
				CLANG_ENABLE_MODULES = YES;
				CLANG_ENABLE_OBJC_ARC = YES;
				CLANG_ENABLE_OBJC_WEAK = YES;
				CLANG_WARN_BLOCK_CAPTURE_AUTORELEASING = YES;
				CLANG_WARN_BOOL_CONVERSION = YES;
				CLANG_WARN_COMMA = YES;
				CLANG_WARN_CONSTANT_CONVERSION = YES;
				CLANG_WARN_DEPRECATED_OBJC_IMPLEMENTATIONS = YES;
				CLANG_WARN_DIRECT_OBJC_ISA_USAGE = YES_ERROR;
				CLANG_WARN_DOCUMENTATION_COMMENTS = YES;
				CLANG_WARN_EMPTY_BODY = YES;
				CLANG_WARN_ENUM_CONVERSION = YES;
				CLANG_WARN_INFINITE_RECURSION = YES;
				CLANG_WARN_INT_CONVERSION = YES;
				CLANG_WARN_NON_LITERAL_NULL_CONVERSION = YES;
				CLANG_WARN_OBJC_IMPLICIT_RETAIN_SELF = YES;
				CLANG_WARN_OBJC_LITERAL_CONVERSION = YES;
				CLANG_WARN_OBJC_ROOT_CLASS = YES_ERROR;
				CLANG_WARN_QUOTED_INCLUDE_IN_FRAMEWORK_HEADER = YES;
				CLANG_WARN_RANGE_LOOP_ANALYSIS = YES;
				CLANG_WARN_STRICT_PROTOTYPES = YES;
				CLANG_WARN_SUSPICIOUS_MOVE = YES;
				CLANG_WARN_UNGUARDED_AVAILABILITY = YES_AGGRESSIVE;
				CLANG_WARN_UNREACHABLE_CODE = YES;
				CLANG_WARN__DUPLICATE_METHOD_MATCH = YES;
				COPY_PHASE_STRIP = NO;
				DEBUG_INFORMATION_FORMAT = "dwarf-with-dsym";
				ENABLE_NS_ASSERTIONS = NO;
				ENABLE_STRICT_OBJC_MSGSEND = YES;
				ENABLE_USER_SCRIPT_SANDBOXING = YES;
				GCC_C_LANGUAGE_STANDARD = gnu17;
				GCC_NO_COMMON_BLOCKS = YES;
				GCC_WARN_64_TO_32_BIT_CONVERSION = YES;
				GCC_WARN_ABOUT_RETURN_TYPE = YES_ERROR;
				GCC_WARN_UNDECLARED_SELECTOR = YES;
				GCC_WARN_UNINITIALIZED_AUTOS = YES_AGGRESSIVE;
				GCC_WARN_UNUSED_FUNCTION = YES;
				GCC_WARN_UNUSED_VARIABLE = YES;
				LOCALIZATION_PREFERS_STRING_CATALOGS = YES;
				MTL_ENABLE_DEBUG_INFO = NO;
				MTL_FAST_MATH = YES;
				SWIFT_COMPILATION_MODE = wholemodule;
			};
			name = Release;
		};
		AAE571122CBD58D500663DD7 /* Debug */ = {
			isa = XCBuildConfiguration;
			buildSettings = {
				BUNDLE_LOADER = "$(TEST_HOST)";
				CODE_SIGN_STYLE = Automatic;
				CURRENT_PROJECT_VERSION = 1;
				DEVELOPMENT_TEAM = SNH2E6X8CL;
				GENERATE_INFOPLIST_FILE = YES;
				IPHONEOS_DEPLOYMENT_TARGET = 18.0;
				MACOSX_DEPLOYMENT_TARGET = 15.0;
				MARKETING_VERSION = 1.0;
				PRODUCT_BUNDLE_IDENTIFIER = "com.etherpunk.EtherpunksMoneyRegister-v14Tests";
				PRODUCT_NAME = "$(TARGET_NAME)";
				SDKROOT = auto;
				SUPPORTED_PLATFORMS = "iphoneos iphonesimulator macosx xros xrsimulator";
				SWIFT_EMIT_LOC_STRINGS = NO;
				SWIFT_VERSION = 5.0;
				TARGETED_DEVICE_FAMILY = "1,2,7";
				TEST_HOST = "$(BUILT_PRODUCTS_DIR)/EtherpunksMoneyRegister.v14.app/$(BUNDLE_EXECUTABLE_FOLDER_PATH)/EtherpunksMoneyRegister.v14";
				XROS_DEPLOYMENT_TARGET = 2.0;
			};
			name = Debug;
		};
		AAE571132CBD58D500663DD7 /* Release */ = {
			isa = XCBuildConfiguration;
			buildSettings = {
				BUNDLE_LOADER = "$(TEST_HOST)";
				CODE_SIGN_STYLE = Automatic;
				CURRENT_PROJECT_VERSION = 1;
				DEVELOPMENT_TEAM = SNH2E6X8CL;
				GENERATE_INFOPLIST_FILE = YES;
				IPHONEOS_DEPLOYMENT_TARGET = 18.0;
				MACOSX_DEPLOYMENT_TARGET = 15.0;
				MARKETING_VERSION = 1.0;
				PRODUCT_BUNDLE_IDENTIFIER = "com.etherpunk.EtherpunksMoneyRegister-v14Tests";
				PRODUCT_NAME = "$(TARGET_NAME)";
				SDKROOT = auto;
				SUPPORTED_PLATFORMS = "iphoneos iphonesimulator macosx xros xrsimulator";
				SWIFT_EMIT_LOC_STRINGS = NO;
				SWIFT_VERSION = 5.0;
				TARGETED_DEVICE_FAMILY = "1,2,7";
				TEST_HOST = "$(BUILT_PRODUCTS_DIR)/EtherpunksMoneyRegister.v14.app/$(BUNDLE_EXECUTABLE_FOLDER_PATH)/EtherpunksMoneyRegister.v14";
				XROS_DEPLOYMENT_TARGET = 2.0;
			};
			name = Release;
		};
		AAE571152CBD58D500663DD7 /* Debug */ = {
			isa = XCBuildConfiguration;
			buildSettings = {
				CODE_SIGN_STYLE = Automatic;
				CURRENT_PROJECT_VERSION = 1;
				DEVELOPMENT_TEAM = SNH2E6X8CL;
				GENERATE_INFOPLIST_FILE = YES;
				IPHONEOS_DEPLOYMENT_TARGET = 18.0;
				MACOSX_DEPLOYMENT_TARGET = 15.0;
				MARKETING_VERSION = 1.0;
				PRODUCT_BUNDLE_IDENTIFIER = "com.etherpunk.EtherpunksMoneyRegister-v14UITests";
				PRODUCT_NAME = "$(TARGET_NAME)";
				SDKROOT = auto;
				SUPPORTED_PLATFORMS = "iphoneos iphonesimulator macosx xros xrsimulator";
				SWIFT_EMIT_LOC_STRINGS = NO;
				SWIFT_VERSION = 5.0;
				TARGETED_DEVICE_FAMILY = "1,2,7";
				TEST_TARGET_NAME = EtherpunksMoneyRegister.v14;
				XROS_DEPLOYMENT_TARGET = 2.0;
			};
			name = Debug;
		};
		AAE571162CBD58D500663DD7 /* Release */ = {
			isa = XCBuildConfiguration;
			buildSettings = {
				CODE_SIGN_STYLE = Automatic;
				CURRENT_PROJECT_VERSION = 1;
				DEVELOPMENT_TEAM = SNH2E6X8CL;
				GENERATE_INFOPLIST_FILE = YES;
				IPHONEOS_DEPLOYMENT_TARGET = 18.0;
				MACOSX_DEPLOYMENT_TARGET = 15.0;
				MARKETING_VERSION = 1.0;
				PRODUCT_BUNDLE_IDENTIFIER = "com.etherpunk.EtherpunksMoneyRegister-v14UITests";
				PRODUCT_NAME = "$(TARGET_NAME)";
				SDKROOT = auto;
				SUPPORTED_PLATFORMS = "iphoneos iphonesimulator macosx xros xrsimulator";
				SWIFT_EMIT_LOC_STRINGS = NO;
				SWIFT_VERSION = 5.0;
				TARGETED_DEVICE_FAMILY = "1,2,7";
				TEST_TARGET_NAME = EtherpunksMoneyRegister.v14;
				XROS_DEPLOYMENT_TARGET = 2.0;
			};
			name = Release;
		};
/* End XCBuildConfiguration section */

/* Begin XCConfigurationList section */
		AAE570E02CBD58D400663DD7 /* Build configuration list for PBXProject "EtherpunksMoneyRegister.v14" */ = {
			isa = XCConfigurationList;
			buildConfigurations = (
				AAE5710F2CBD58D500663DD7 /* Debug */,
				AAE571102CBD58D500663DD7 /* Release */,
			);
			defaultConfigurationIsVisible = 0;
			defaultConfigurationName = Release;
		};
		AAE5710C2CBD58D500663DD7 /* Build configuration list for PBXNativeTarget "EtherpunksMoneyRegister.v14" */ = {
			isa = XCConfigurationList;
			buildConfigurations = (
				AAE5710D2CBD58D500663DD7 /* Debug */,
				AAE5710E2CBD58D500663DD7 /* Release */,
			);
			defaultConfigurationIsVisible = 0;
			defaultConfigurationName = Release;
		};
		AAE571112CBD58D500663DD7 /* Build configuration list for PBXNativeTarget "EtherpunksMoneyRegister.v14Tests" */ = {
			isa = XCConfigurationList;
			buildConfigurations = (
				AAE571122CBD58D500663DD7 /* Debug */,
				AAE571132CBD58D500663DD7 /* Release */,
			);
			defaultConfigurationIsVisible = 0;
			defaultConfigurationName = Release;
		};
		AAE571142CBD58D500663DD7 /* Build configuration list for PBXNativeTarget "EtherpunksMoneyRegister.v14UITests" */ = {
			isa = XCConfigurationList;
			buildConfigurations = (
				AAE571152CBD58D500663DD7 /* Debug */,
				AAE571162CBD58D500663DD7 /* Release */,
			);
			defaultConfigurationIsVisible = 0;
			defaultConfigurationName = Release;
		};
/* End XCConfigurationList section */
	};
	rootObject = AAE570DD2CBD58D400663DD7 /* Project object */;
}
