{
  "originHash" : "8b1802eaf8adf54ebe3818b9334aa266ac0b9fcf5f83d05260841f4118f954af",
  "pins" : [
    {
      "identity" : "sqlite.swift",
      "kind" : "remoteSourceControl",
      "location" : "https://github.com/stephencelis/SQLite.swift",
      "state" : {
        "revision" : "a95fc6df17d108bd99210db5e8a9bac90fe984b8",
        "version" : "0.15.3"
      }
    },
    {
      "identity" : "swift-uuidv7",
      "kind" : "remoteSourceControl",
      "location" : "https://github.com/mhayes853/swift-uuidv7",
      "state" : {
        "revision" : "02c3e05095347a2649846c199adbde756f0c2e90",
        "version" : "0.3.0"
      }
    }
  ],
  "version" : 3
}
