{
  "originHash" : "8b1802eaf8adf54ebe3818b9334aa266ac0b9fcf5f83d05260841f4118f954af",
  "pins" : [
    {
      "identity" : "sqlite.swift",
      "kind" : "remoteSourceControl",
      "location" : "https://github.com/stephencelis/SQLite.swift",
      "state" : {
        "revision" : "392dd6058624d9f6c5b4c769d165ddd8c7293394",
        "version" : "0.15.4"
      }
    },
    {
      "identity" : "swift-toolchain-sqlite",
      "kind" : "remoteSourceControl",
      "location" : "https://github.com/swiftlang/swift-toolchain-sqlite",
      "state" : {
        "revision" : "b626d3002773b1a1304166643e7f118f724b2132",
        "version" : "1.0.4"
      }
    },
    {
      "identity" : "swift-uuidv7",
      "kind" : "remoteSourceControl",
      "location" : "https://github.com/mhayes853/swift-uuidv7",
      "state" : {
        "revision" : "02c3e05095347a2649846c199adbde756f0c2e90",
        "version" : "0.3.0"
      }
    }
  ],
  "version" : 3
}
